
Microsoft Visual Studio Solution File, Format Version 12.00
# Visual Studio 15
VisualStudioVersion = 15.0.27130.2027
MinimumVisualStudioVersion = 10.0.40219.1
Project("{FAE04EC0-301F-11D3-BF4B-00C04F79EFBC}") = "BRPLUSA.Core", "BRPLUSA.Core\BRPLUSA.Core.csproj", "{EC0E8D93-3D21-482A-9F97-E7E5D2F8A192}"
EndProject
Project("{FAE04EC0-301F-11D3-BF4B-00C04F79EFBC}") = "BRPLUSA.Core.Tests", "BRPLUSA.Core.Tests\BRPLUSA.Core.Tests.csproj", "{5D14FE8D-7758-48CD-B71E-EFDC36D34373}"
EndProject
Project("{FAE04EC0-301F-11D3-BF4B-00C04F79EFBC}") = "BRPLUSA.Database", "BRPLUSA.Database\BRPLUSA.Database.csproj", "{B56FEBB5-8F1A-4B67-AD47-9201F7BE49AA}"
EndProject
Project("{FAE04EC0-301F-11D3-BF4B-00C04F79EFBC}") = "BRPLUSA.Database.Tests", "BRPLUSA.Database.Tests\BRPLUSA.Database.Tests.csproj", "{7BAFB095-CB5A-497C-B05C-ED8B408176CD}"
EndProject
Project("{FAE04EC0-301F-11D3-BF4B-00C04F79EFBC}") = "BRPLUSA.Domain.Tests", "BRPLUSA.Domain.Tests\BRPLUSA.Domain.Tests.csproj", "{89D32D74-65DA-4FE1-8E7F-55768C6BA580}"
EndProject
Project("{FAE04EC0-301F-11D3-BF4B-00C04F79EFBC}") = "BRPLUSA.AutoCAD.Client", "BRPLUSA.AutoCAD.Client\BRPLUSA.AutoCAD.Client.csproj", "{1D58705D-521F-4FAF-8DEC-41E1DB5E915C}"
EndProject
Project("{FAE04EC0-301F-11D3-BF4B-00C04F79EFBC}") = "BRPLUSA.Navisworks.Client", "BRPLUSA.Navisworks.Client\BRPLUSA.Navisworks.Client.csproj", "{309CBCA2-AA99-4E3D-87FE-98CDEDA3CCFB}"
EndProject
Project("{FAE04EC0-301F-11D3-BF4B-00C04F79EFBC}") = "BRPLUSA.Revit.Client", "BRPLUSA.Revit.Client\BRPLUSA.Revit.Client.csproj", "{19A8E334-7B4F-47AE-9B8B-FB8F8278F418}"
EndProject
Project("{2150E333-8FDC-42A3-9474-1A3956D46DE8}") = "BRPLUSA.Product", "BRPLUSA.Product", "{C3A304F7-CE9A-4C27-9671-6DDEFB79F842}"
EndProject
Project("{2150E333-8FDC-42A3-9474-1A3956D46DE8}") = "BRPLUSA.Domain", "BRPLUSA.Domain", "{9A6EEE42-4F60-4095-AB61-AA3095520D81}"
EndProject
Project("{2150E333-8FDC-42A3-9474-1A3956D46DE8}") = "BRPLUSA.Installers", "BRPLUSA.Installers", "{9A3C7B26-5920-4657-AD59-01BCDED64E6D}"
EndProject
Project("{FAE04EC0-301F-11D3-BF4B-00C04F79EFBC}") = "BRPLUSA.Revit.Client.UI", "BRPLUSA.Revit.Client.UI\BRPLUSA.Revit.Client.UI.csproj", "{977957B1-037F-4EB9-BA45-4C48F805C3C5}"
EndProject
Project("{FAE04EC0-301F-11D3-BF4B-00C04F79EFBC}") = "BRPLUSA.Revit.Services", "BRPLUSA.Revit.Services\BRPLUSA.Revit.Services.csproj", "{AD967B1C-DF2E-4690-8B0E-958596FF3C4E}"
EndProject
Project("{FAE04EC0-301F-11D3-BF4B-00C04F79EFBC}") = "BRPLUSA.Domain.Services", "BRPLUSA.Domain.Services\BRPLUSA.Domain.Services.csproj", "{EE87B4AD-570B-44E4-A2B6-3313D86234B7}"
EndProject
Project("{FAE04EC0-301F-11D3-BF4B-00C04F79EFBC}") = "BRPLUSA.Revit.Core", "BRPLUSA.Revit.Core\BRPLUSA.Revit.Core.csproj", "{E46B68F5-F133-4E41-8CA6-975B6B854357}"
EndProject
Project("{FAE04EC0-301F-11D3-BF4B-00C04F79EFBC}") = "BRPLUSA.Domain.Core", "BRPLUSA.Domain.Core\BRPLUSA.Domain.Core.csproj", "{123711A9-C92E-4F15-8BD0-B1222A2D5F0B}"
EndProject
Project("{2150E333-8FDC-42A3-9474-1A3956D46DE8}") = "BRPLUSA.Core", "BRPLUSA.Core", "{56F8D6E0-2890-4120-BC6D-1E912A503815}"
EndProject
Project("{FAE04EC0-301F-11D3-BF4B-00C04F79EFBC}") = "BRPLUSA.Core.TestConsole", "BRPLUSA.Core.TestConsole\BRPLUSA.Core.TestConsole.csproj", "{64629DA0-7633-4A3E-8D8E-4B119E934ED9}"
EndProject
Project("{2150E333-8FDC-42A3-9474-1A3956D46DE8}") = "BRPLUSA.Pipelines", "BRPLUSA.Pipelines", "{FD54F6EE-6B13-4E7B-AB90-C9CA270C4ACE}"
	ProjectSection(SolutionItems) = preProject
		BRPLUSA.Pipelines\azure_pipeline_build_installer.yml = BRPLUSA.Pipelines\azure_pipeline_build_installer.yml
	EndProjectSection
EndProject
Project("{2150E333-8FDC-42A3-9474-1A3956D46DE8}") = "BRPLUSA.Utilities", "BRPLUSA.Utilities", "{21F018A4-ACA0-4D3A-8612-B430E73457A0}"
	ProjectSection(SolutionItems) = preProject
		BRPLUSA.Utilities\versionupdate.bat = BRPLUSA.Utilities\versionupdate.bat
	EndProjectSection
EndProject
Project("{FAE04EC0-301F-11D3-BF4B-00C04F79EFBC}") = "BRPLUSA.Revit.Installer.2018", "BRPLUSA.Revit.Installer.2018\BRPLUSA.Revit.Installer.2018.csproj", "{EBA251C6-4C3F-4173-B2AC-AD8D5C0E79C3}"
EndProject
Global
	GlobalSection(SolutionConfigurationPlatforms) = preSolution
		Debug|Any CPU = Debug|Any CPU
		Installer|Any CPU = Installer|Any CPU
		Release|Any CPU = Release|Any CPU
		Revit_Installer|Any CPU = Revit_Installer|Any CPU
	EndGlobalSection
	GlobalSection(ProjectConfigurationPlatforms) = postSolution
		{EC0E8D93-3D21-482A-9F97-E7E5D2F8A192}.Debug|Any CPU.ActiveCfg = Debug|Any CPU
		{EC0E8D93-3D21-482A-9F97-E7E5D2F8A192}.Debug|Any CPU.Build.0 = Debug|Any CPU
		{EC0E8D93-3D21-482A-9F97-E7E5D2F8A192}.Installer|Any CPU.ActiveCfg = Installer|Any CPU
		{EC0E8D93-3D21-482A-9F97-E7E5D2F8A192}.Installer|Any CPU.Build.0 = Installer|Any CPU
		{EC0E8D93-3D21-482A-9F97-E7E5D2F8A192}.Release|Any CPU.ActiveCfg = Release|Any CPU
		{EC0E8D93-3D21-482A-9F97-E7E5D2F8A192}.Release|Any CPU.Build.0 = Release|Any CPU
		{EC0E8D93-3D21-482A-9F97-E7E5D2F8A192}.Revit_Installer|Any CPU.ActiveCfg = Release|Any CPU
		{EC0E8D93-3D21-482A-9F97-E7E5D2F8A192}.Revit_Installer|Any CPU.Build.0 = Release|Any CPU
		{5D14FE8D-7758-48CD-B71E-EFDC36D34373}.Debug|Any CPU.ActiveCfg = Debug|Any CPU
		{5D14FE8D-7758-48CD-B71E-EFDC36D34373}.Debug|Any CPU.Build.0 = Debug|Any CPU
		{5D14FE8D-7758-48CD-B71E-EFDC36D34373}.Installer|Any CPU.ActiveCfg = Installer|Any CPU
		{5D14FE8D-7758-48CD-B71E-EFDC36D34373}.Installer|Any CPU.Build.0 = Installer|Any CPU
		{5D14FE8D-7758-48CD-B71E-EFDC36D34373}.Release|Any CPU.ActiveCfg = Release|Any CPU
		{5D14FE8D-7758-48CD-B71E-EFDC36D34373}.Release|Any CPU.Build.0 = Release|Any CPU
		{5D14FE8D-7758-48CD-B71E-EFDC36D34373}.Revit_Installer|Any CPU.ActiveCfg = Release|Any CPU
		{B56FEBB5-8F1A-4B67-AD47-9201F7BE49AA}.Debug|Any CPU.ActiveCfg = Debug|Any CPU
		{B56FEBB5-8F1A-4B67-AD47-9201F7BE49AA}.Debug|Any CPU.Build.0 = Debug|Any CPU
		{B56FEBB5-8F1A-4B67-AD47-9201F7BE49AA}.Installer|Any CPU.ActiveCfg = Installer|Any CPU
		{B56FEBB5-8F1A-4B67-AD47-9201F7BE49AA}.Installer|Any CPU.Build.0 = Installer|Any CPU
		{B56FEBB5-8F1A-4B67-AD47-9201F7BE49AA}.Release|Any CPU.ActiveCfg = Release|Any CPU
		{B56FEBB5-8F1A-4B67-AD47-9201F7BE49AA}.Release|Any CPU.Build.0 = Release|Any CPU
		{B56FEBB5-8F1A-4B67-AD47-9201F7BE49AA}.Revit_Installer|Any CPU.ActiveCfg = Release|Any CPU
		{B56FEBB5-8F1A-4B67-AD47-9201F7BE49AA}.Revit_Installer|Any CPU.Build.0 = Release|Any CPU
		{7BAFB095-CB5A-497C-B05C-ED8B408176CD}.Debug|Any CPU.ActiveCfg = Debug|Any CPU
		{7BAFB095-CB5A-497C-B05C-ED8B408176CD}.Debug|Any CPU.Build.0 = Debug|Any CPU
		{7BAFB095-CB5A-497C-B05C-ED8B408176CD}.Installer|Any CPU.ActiveCfg = Installer|Any CPU
		{7BAFB095-CB5A-497C-B05C-ED8B408176CD}.Installer|Any CPU.Build.0 = Installer|Any CPU
		{7BAFB095-CB5A-497C-B05C-ED8B408176CD}.Release|Any CPU.ActiveCfg = Release|Any CPU
		{7BAFB095-CB5A-497C-B05C-ED8B408176CD}.Release|Any CPU.Build.0 = Release|Any CPU
		{7BAFB095-CB5A-497C-B05C-ED8B408176CD}.Revit_Installer|Any CPU.ActiveCfg = Release|Any CPU
		{89D32D74-65DA-4FE1-8E7F-55768C6BA580}.Debug|Any CPU.ActiveCfg = Debug|Any CPU
		{89D32D74-65DA-4FE1-8E7F-55768C6BA580}.Debug|Any CPU.Build.0 = Debug|Any CPU
		{89D32D74-65DA-4FE1-8E7F-55768C6BA580}.Installer|Any CPU.ActiveCfg = Installer|Any CPU
		{89D32D74-65DA-4FE1-8E7F-55768C6BA580}.Installer|Any CPU.Build.0 = Installer|Any CPU
		{89D32D74-65DA-4FE1-8E7F-55768C6BA580}.Release|Any CPU.ActiveCfg = Release|Any CPU
		{89D32D74-65DA-4FE1-8E7F-55768C6BA580}.Release|Any CPU.Build.0 = Release|Any CPU
		{89D32D74-65DA-4FE1-8E7F-55768C6BA580}.Revit_Installer|Any CPU.ActiveCfg = Release|Any CPU
		{1D58705D-521F-4FAF-8DEC-41E1DB5E915C}.Debug|Any CPU.ActiveCfg = Debug|Any CPU
		{1D58705D-521F-4FAF-8DEC-41E1DB5E915C}.Debug|Any CPU.Build.0 = Debug|Any CPU
		{1D58705D-521F-4FAF-8DEC-41E1DB5E915C}.Installer|Any CPU.ActiveCfg = Installer|Any CPU
		{1D58705D-521F-4FAF-8DEC-41E1DB5E915C}.Installer|Any CPU.Build.0 = Installer|Any CPU
		{1D58705D-521F-4FAF-8DEC-41E1DB5E915C}.Release|Any CPU.ActiveCfg = Release|Any CPU
		{1D58705D-521F-4FAF-8DEC-41E1DB5E915C}.Release|Any CPU.Build.0 = Release|Any CPU
		{1D58705D-521F-4FAF-8DEC-41E1DB5E915C}.Revit_Installer|Any CPU.ActiveCfg = Release|Any CPU
		{309CBCA2-AA99-4E3D-87FE-98CDEDA3CCFB}.Debug|Any CPU.ActiveCfg = Debug|Any CPU
		{309CBCA2-AA99-4E3D-87FE-98CDEDA3CCFB}.Debug|Any CPU.Build.0 = Debug|Any CPU
		{309CBCA2-AA99-4E3D-87FE-98CDEDA3CCFB}.Installer|Any CPU.ActiveCfg = Installer|Any CPU
		{309CBCA2-AA99-4E3D-87FE-98CDEDA3CCFB}.Installer|Any CPU.Build.0 = Installer|Any CPU
		{309CBCA2-AA99-4E3D-87FE-98CDEDA3CCFB}.Release|Any CPU.ActiveCfg = Release|Any CPU
		{309CBCA2-AA99-4E3D-87FE-98CDEDA3CCFB}.Release|Any CPU.Build.0 = Release|Any CPU
		{309CBCA2-AA99-4E3D-87FE-98CDEDA3CCFB}.Revit_Installer|Any CPU.ActiveCfg = Release|Any CPU
		{19A8E334-7B4F-47AE-9B8B-FB8F8278F418}.Debug|Any CPU.ActiveCfg = Debug|Any CPU
		{19A8E334-7B4F-47AE-9B8B-FB8F8278F418}.Debug|Any CPU.Build.0 = Debug|Any CPU
		{19A8E334-7B4F-47AE-9B8B-FB8F8278F418}.Installer|Any CPU.ActiveCfg = Installer|Any CPU
		{19A8E334-7B4F-47AE-9B8B-FB8F8278F418}.Installer|Any CPU.Build.0 = Installer|Any CPU
		{19A8E334-7B4F-47AE-9B8B-FB8F8278F418}.Release|Any CPU.ActiveCfg = Release|Any CPU
		{19A8E334-7B4F-47AE-9B8B-FB8F8278F418}.Release|Any CPU.Build.0 = Release|Any CPU
		{19A8E334-7B4F-47AE-9B8B-FB8F8278F418}.Revit_Installer|Any CPU.ActiveCfg = Release|Any CPU
		{19A8E334-7B4F-47AE-9B8B-FB8F8278F418}.Revit_Installer|Any CPU.Build.0 = Release|Any CPU
		{977957B1-037F-4EB9-BA45-4C48F805C3C5}.Debug|Any CPU.ActiveCfg = Debug|Any CPU
		{977957B1-037F-4EB9-BA45-4C48F805C3C5}.Debug|Any CPU.Build.0 = Debug|Any CPU
		{977957B1-037F-4EB9-BA45-4C48F805C3C5}.Installer|Any CPU.ActiveCfg = Release|Any CPU
		{977957B1-037F-4EB9-BA45-4C48F805C3C5}.Installer|Any CPU.Build.0 = Release|Any CPU
		{977957B1-037F-4EB9-BA45-4C48F805C3C5}.Release|Any CPU.ActiveCfg = Release|Any CPU
		{977957B1-037F-4EB9-BA45-4C48F805C3C5}.Release|Any CPU.Build.0 = Release|Any CPU
		{977957B1-037F-4EB9-BA45-4C48F805C3C5}.Revit_Installer|Any CPU.ActiveCfg = Release|Any CPU
		{977957B1-037F-4EB9-BA45-4C48F805C3C5}.Revit_Installer|Any CPU.Build.0 = Release|Any CPU
		{AD967B1C-DF2E-4690-8B0E-958596FF3C4E}.Debug|Any CPU.ActiveCfg = Debug|Any CPU
		{AD967B1C-DF2E-4690-8B0E-958596FF3C4E}.Debug|Any CPU.Build.0 = Debug|Any CPU
		{AD967B1C-DF2E-4690-8B0E-958596FF3C4E}.Installer|Any CPU.ActiveCfg = Release|Any CPU
		{AD967B1C-DF2E-4690-8B0E-958596FF3C4E}.Installer|Any CPU.Build.0 = Release|Any CPU
		{AD967B1C-DF2E-4690-8B0E-958596FF3C4E}.Release|Any CPU.ActiveCfg = Release|Any CPU
		{AD967B1C-DF2E-4690-8B0E-958596FF3C4E}.Release|Any CPU.Build.0 = Release|Any CPU
		{AD967B1C-DF2E-4690-8B0E-958596FF3C4E}.Revit_Installer|Any CPU.ActiveCfg = Release|Any CPU
		{AD967B1C-DF2E-4690-8B0E-958596FF3C4E}.Revit_Installer|Any CPU.Build.0 = Release|Any CPU
		{EE87B4AD-570B-44E4-A2B6-3313D86234B7}.Debug|Any CPU.ActiveCfg = Debug|Any CPU
		{EE87B4AD-570B-44E4-A2B6-3313D86234B7}.Debug|Any CPU.Build.0 = Debug|Any CPU
		{EE87B4AD-570B-44E4-A2B6-3313D86234B7}.Installer|Any CPU.ActiveCfg = Release|Any CPU
		{EE87B4AD-570B-44E4-A2B6-3313D86234B7}.Installer|Any CPU.Build.0 = Release|Any CPU
		{EE87B4AD-570B-44E4-A2B6-3313D86234B7}.Release|Any CPU.ActiveCfg = Release|Any CPU
		{EE87B4AD-570B-44E4-A2B6-3313D86234B7}.Release|Any CPU.Build.0 = Release|Any CPU
		{EE87B4AD-570B-44E4-A2B6-3313D86234B7}.Revit_Installer|Any CPU.ActiveCfg = Release|Any CPU
		{EE87B4AD-570B-44E4-A2B6-3313D86234B7}.Revit_Installer|Any CPU.Build.0 = Release|Any CPU
		{E46B68F5-F133-4E41-8CA6-975B6B854357}.Debug|Any CPU.ActiveCfg = Debug|Any CPU
		{E46B68F5-F133-4E41-8CA6-975B6B854357}.Debug|Any CPU.Build.0 = Debug|Any CPU
		{E46B68F5-F133-4E41-8CA6-975B6B854357}.Installer|Any CPU.ActiveCfg = Release|Any CPU
		{E46B68F5-F133-4E41-8CA6-975B6B854357}.Installer|Any CPU.Build.0 = Release|Any CPU
		{E46B68F5-F133-4E41-8CA6-975B6B854357}.Release|Any CPU.ActiveCfg = Release|Any CPU
		{E46B68F5-F133-4E41-8CA6-975B6B854357}.Release|Any CPU.Build.0 = Release|Any CPU
		{E46B68F5-F133-4E41-8CA6-975B6B854357}.Revit_Installer|Any CPU.ActiveCfg = Release|Any CPU
		{E46B68F5-F133-4E41-8CA6-975B6B854357}.Revit_Installer|Any CPU.Build.0 = Release|Any CPU
		{123711A9-C92E-4F15-8BD0-B1222A2D5F0B}.Debug|Any CPU.ActiveCfg = Debug|Any CPU
		{123711A9-C92E-4F15-8BD0-B1222A2D5F0B}.Debug|Any CPU.Build.0 = Debug|Any CPU
		{123711A9-C92E-4F15-8BD0-B1222A2D5F0B}.Installer|Any CPU.ActiveCfg = Installer|Any CPU
		{123711A9-C92E-4F15-8BD0-B1222A2D5F0B}.Installer|Any CPU.Build.0 = Installer|Any CPU
		{123711A9-C92E-4F15-8BD0-B1222A2D5F0B}.Release|Any CPU.ActiveCfg = Release|Any CPU
		{123711A9-C92E-4F15-8BD0-B1222A2D5F0B}.Release|Any CPU.Build.0 = Release|Any CPU
		{123711A9-C92E-4F15-8BD0-B1222A2D5F0B}.Revit_Installer|Any CPU.ActiveCfg = Release|Any CPU
		{123711A9-C92E-4F15-8BD0-B1222A2D5F0B}.Revit_Installer|Any CPU.Build.0 = Release|Any CPU
		{64629DA0-7633-4A3E-8D8E-4B119E934ED9}.Debug|Any CPU.ActiveCfg = Debug|Any CPU
		{64629DA0-7633-4A3E-8D8E-4B119E934ED9}.Debug|Any CPU.Build.0 = Debug|Any CPU
		{64629DA0-7633-4A3E-8D8E-4B119E934ED9}.Installer|Any CPU.ActiveCfg = Release|Any CPU
		{64629DA0-7633-4A3E-8D8E-4B119E934ED9}.Installer|Any CPU.Build.0 = Release|Any CPU
		{64629DA0-7633-4A3E-8D8E-4B119E934ED9}.Release|Any CPU.ActiveCfg = Release|Any CPU
		{64629DA0-7633-4A3E-8D8E-4B119E934ED9}.Release|Any CPU.Build.0 = Release|Any CPU
		{64629DA0-7633-4A3E-8D8E-4B119E934ED9}.Revit_Installer|Any CPU.ActiveCfg = Release|Any CPU
		{64629DA0-7633-4A3E-8D8E-4B119E934ED9}.Revit_Installer|Any CPU.Build.0 = Release|Any CPU
		{EBA251C6-4C3F-4173-B2AC-AD8D5C0E79C3}.Debug|Any CPU.ActiveCfg = Debug|Any CPU
		{EBA251C6-4C3F-4173-B2AC-AD8D5C0E79C3}.Debug|Any CPU.Build.0 = Debug|Any CPU
		{EBA251C6-4C3F-4173-B2AC-AD8D5C0E79C3}.Installer|Any CPU.ActiveCfg = Release|Any CPU
		{EBA251C6-4C3F-4173-B2AC-AD8D5C0E79C3}.Installer|Any CPU.Build.0 = Release|Any CPU
		{EBA251C6-4C3F-4173-B2AC-AD8D5C0E79C3}.Release|Any CPU.ActiveCfg = Release|Any CPU
		{EBA251C6-4C3F-4173-B2AC-AD8D5C0E79C3}.Release|Any CPU.Build.0 = Release|Any CPU
		{EBA251C6-4C3F-4173-B2AC-AD8D5C0E79C3}.Revit_Installer|Any CPU.ActiveCfg = Release|Any CPU
		{EBA251C6-4C3F-4173-B2AC-AD8D5C0E79C3}.Revit_Installer|Any CPU.Build.0 = Release|Any CPU
	EndGlobalSection
	GlobalSection(SolutionProperties) = preSolution
		HideSolutionNode = FALSE
	EndGlobalSection
	GlobalSection(NestedProjects) = preSolution
		{EC0E8D93-3D21-482A-9F97-E7E5D2F8A192} = {56F8D6E0-2890-4120-BC6D-1E912A503815}
		{5D14FE8D-7758-48CD-B71E-EFDC36D34373} = {56F8D6E0-2890-4120-BC6D-1E912A503815}
		{B56FEBB5-8F1A-4B67-AD47-9201F7BE49AA} = {9A6EEE42-4F60-4095-AB61-AA3095520D81}
		{7BAFB095-CB5A-497C-B05C-ED8B408176CD} = {9A6EEE42-4F60-4095-AB61-AA3095520D81}
		{89D32D74-65DA-4FE1-8E7F-55768C6BA580} = {9A6EEE42-4F60-4095-AB61-AA3095520D81}
		{1D58705D-521F-4FAF-8DEC-41E1DB5E915C} = {C3A304F7-CE9A-4C27-9671-6DDEFB79F842}
		{309CBCA2-AA99-4E3D-87FE-98CDEDA3CCFB} = {C3A304F7-CE9A-4C27-9671-6DDEFB79F842}
		{19A8E334-7B4F-47AE-9B8B-FB8F8278F418} = {C3A304F7-CE9A-4C27-9671-6DDEFB79F842}
		{977957B1-037F-4EB9-BA45-4C48F805C3C5} = {C3A304F7-CE9A-4C27-9671-6DDEFB79F842}
		{AD967B1C-DF2E-4690-8B0E-958596FF3C4E} = {C3A304F7-CE9A-4C27-9671-6DDEFB79F842}
		{EE87B4AD-570B-44E4-A2B6-3313D86234B7} = {9A6EEE42-4F60-4095-AB61-AA3095520D81}
		{E46B68F5-F133-4E41-8CA6-975B6B854357} = {C3A304F7-CE9A-4C27-9671-6DDEFB79F842}
		{123711A9-C92E-4F15-8BD0-B1222A2D5F0B} = {9A6EEE42-4F60-4095-AB61-AA3095520D81}
		{64629DA0-7633-4A3E-8D8E-4B119E934ED9} = {56F8D6E0-2890-4120-BC6D-1E912A503815}
		{EBA251C6-4C3F-4173-B2AC-AD8D5C0E79C3} = {9A3C7B26-5920-4657-AD59-01BCDED64E6D}
	EndGlobalSection
	GlobalSection(ExtensibilityGlobals) = postSolution
		SolutionGuid = {AF18FFBD-36EB-4C77-AB9B-29CFC4786A89}
	EndGlobalSection
EndGlobal
